// !$*UTF8*$!
{
	archiveVersion = 1;
	classes = {
	};
	objectVersion = 50;
	objects = {

/* Begin PBXBuildFile section */
		F332BA7925CF19CA00C9CB9C /* FruitDetailView.swift in Sources */ = {isa = PBXBuildFile; fileRef = F332BA7825CF19CA00C9CB9C /* FruitDetailView.swift */; };
		F332BA7D25CF1D6900C9CB9C /* FruitHeaderView.swift in Sources */ = {isa = PBXBuildFile; fileRef = F332BA7C25CF1D6900C9CB9C /* FruitHeaderView.swift */; };
		F332BA8025CF1F3B00C9CB9C /* SourceLinkView.swift in Sources */ = {isa = PBXBuildFile; fileRef = F332BA7F25CF1F3B00C9CB9C /* SourceLinkView.swift */; };
		F332BA8325CF214D00C9CB9C /* FruitNutrientsView.swift in Sources */ = {isa = PBXBuildFile; fileRef = F332BA8225CF214D00C9CB9C /* FruitNutrientsView.swift */; };
		F332BA8625CF3E1800C9CB9C /* SettingsView.swift in Sources */ = {isa = PBXBuildFile; fileRef = F332BA8525CF3E1800C9CB9C /* SettingsView.swift */; };
		F332BA8925CF42C500C9CB9C /* SettingsLabelView.swift in Sources */ = {isa = PBXBuildFile; fileRef = F332BA8825CF42C500C9CB9C /* SettingsLabelView.swift */; };
		F34888E325CF46D1006F1EBF /* SettingsRowView.swift in Sources */ = {isa = PBXBuildFile; fileRef = F34888E225CF46D1006F1EBF /* SettingsRowView.swift */; };
		F357655625CCF67400D0A6AA /* FructusApp.swift in Sources */ = {isa = PBXBuildFile; fileRef = F357655525CCF67400D0A6AA /* FructusApp.swift */; };
		F357655A25CCF67500D0A6AA /* Assets.xcassets in Resources */ = {isa = PBXBuildFile; fileRef = F357655925CCF67500D0A6AA /* Assets.xcassets */; };
		F357655D25CCF67500D0A6AA /* Preview Assets.xcassets in Resources */ = {isa = PBXBuildFile; fileRef = F357655C25CCF67500D0A6AA /* Preview Assets.xcassets */; };
		F357656A25CCF9DC00D0A6AA /* FruitCardView.swift in Sources */ = {isa = PBXBuildFile; fileRef = F357656925CCF9DC00D0A6AA /* FruitCardView.swift */; };
		F357656D25CCFDC900D0A6AA /* StartButtonView.swift in Sources */ = {isa = PBXBuildFile; fileRef = F357656C25CCFDC900D0A6AA /* StartButtonView.swift */; };
		F357657025CD015200D0A6AA /* OnboardingView.swift in Sources */ = {isa = PBXBuildFile; fileRef = F357656F25CD015200D0A6AA /* OnboardingView.swift */; };
		F357657525CDD29500D0A6AA /* FruitModel.swift in Sources */ = {isa = PBXBuildFile; fileRef = F357657425CDD29500D0A6AA /* FruitModel.swift */; };
		F357657925CDD33200D0A6AA /* FruitData.swift in Sources */ = {isa = PBXBuildFile; fileRef = F357657825CDD33200D0A6AA /* FruitData.swift */; };
		F357657D25CE273D00D0A6AA /* ContentView.swift in Sources */ = {isa = PBXBuildFile; fileRef = F357657C25CE273D00D0A6AA /* ContentView.swift */; };
		F357658025CE283E00D0A6AA /* FruitRowView.swift in Sources */ = {isa = PBXBuildFile; fileRef = F357657F25CE283E00D0A6AA /* FruitRowView.swift */; };
/* End PBXBuildFile section */

/* Begin PBXFileReference section */
		F332BA7825CF19CA00C9CB9C /* FruitDetailView.swift */ = {isa = PBXFileReference; lastKnownFileType = sourcecode.swift; path = FruitDetailView.swift; sourceTree = "<group>"; };
		F332BA7C25CF1D6900C9CB9C /* FruitHeaderView.swift */ = {isa = PBXFileReference; lastKnownFileType = sourcecode.swift; path = FruitHeaderView.swift; sourceTree = "<group>"; };
		F332BA7F25CF1F3B00C9CB9C /* SourceLinkView.swift */ = {isa = PBXFileReference; lastKnownFileType = sourcecode.swift; path = SourceLinkView.swift; sourceTree = "<group>"; };
		F332BA8225CF214D00C9CB9C /* FruitNutrientsView.swift */ = {isa = PBXFileReference; lastKnownFileType = sourcecode.swift; path = FruitNutrientsView.swift; sourceTree = "<group>"; };
		F332BA8525CF3E1800C9CB9C /* SettingsView.swift */ = {isa = PBXFileReference; lastKnownFileType = sourcecode.swift; path = SettingsView.swift; sourceTree = "<group>"; };
		F332BA8825CF42C500C9CB9C /* SettingsLabelView.swift */ = {isa = PBXFileReference; lastKnownFileType = sourcecode.swift; path = SettingsLabelView.swift; sourceTree = "<group>"; };
		F34888E225CF46D1006F1EBF /* SettingsRowView.swift */ = {isa = PBXFileReference; lastKnownFileType = sourcecode.swift; path = SettingsRowView.swift; sourceTree = "<group>"; };
		F357655225CCF67400D0A6AA /* Fructus.app */ = {isa = PBXFileReference; explicitFileType = wrapper.application; includeInIndex = 0; path = Fructus.app; sourceTree = BUILT_PRODUCTS_DIR; };
		F357655525CCF67400D0A6AA /* FructusApp.swift */ = {isa = PBXFileReference; lastKnownFileType = sourcecode.swift; path = FructusApp.swift; sourceTree = "<group>"; };
		F357655925CCF67500D0A6AA /* Assets.xcassets */ = {isa = PBXFileReference; lastKnownFileType = folder.assetcatalog; path = Assets.xcassets; sourceTree = "<group>"; };
		F357655C25CCF67500D0A6AA /* Preview Assets.xcassets */ = {isa = PBXFileReference; lastKnownFileType = folder.assetcatalog; path = "Preview Assets.xcassets"; sourceTree = "<group>"; };
		F357655E25CCF67500D0A6AA /* Info.plist */ = {isa = PBXFileReference; lastKnownFileType = text.plist.xml; path = Info.plist; sourceTree = "<group>"; };
		F357656925CCF9DC00D0A6AA /* FruitCardView.swift */ = {isa = PBXFileReference; lastKnownFileType = sourcecode.swift; path = FruitCardView.swift; sourceTree = "<group>"; };
		F357656C25CCFDC900D0A6AA /* StartButtonView.swift */ = {isa = PBXFileReference; lastKnownFileType = sourcecode.swift; path = StartButtonView.swift; sourceTree = "<group>"; };
		F357656F25CD015200D0A6AA /* OnboardingView.swift */ = {isa = PBXFileReference; lastKnownFileType = sourcecode.swift; path = OnboardingView.swift; sourceTree = "<group>"; };
		F357657425CDD29500D0A6AA /* FruitModel.swift */ = {isa = PBXFileReference; lastKnownFileType = sourcecode.swift; path = FruitModel.swift; sourceTree = "<group>"; };
		F357657825CDD33200D0A6AA /* FruitData.swift */ = {isa = PBXFileReference; lastKnownFileType = sourcecode.swift; path = FruitData.swift; sourceTree = "<group>"; };
		F357657C25CE273D00D0A6AA /* ContentView.swift */ = {isa = PBXFileReference; lastKnownFileType = sourcecode.swift; path = ContentView.swift; sourceTree = "<group>"; };
		F357657F25CE283E00D0A6AA /* FruitRowView.swift */ = {isa = PBXFileReference; lastKnownFileType = sourcecode.swift; path = FruitRowView.swift; sourceTree = "<group>"; };
/* End PBXFileReference section */

/* Begin PBXFrameworksBuildPhase section */
		F357654F25CCF67400D0A6AA /* Frameworks */ = {
			isa = PBXFrameworksBuildPhase;
			buildActionMask = 2147483647;
			files = (
			);
			runOnlyForDeploymentPostprocessing = 0;
		};
/* End PBXFrameworksBuildPhase section */

/* Begin PBXGroup section */
		F357654925CCF67400D0A6AA = {
			isa = PBXGroup;
			children = (
				F357655425CCF67400D0A6AA /* Fructus */,
				F357655325CCF67400D0A6AA /* Products */,
			);
			sourceTree = "<group>";
		};
		F357655325CCF67400D0A6AA /* Products */ = {
			isa = PBXGroup;
			children = (
				F357655225CCF67400D0A6AA /* Fructus.app */,
			);
			name = Products;
			sourceTree = "<group>";
		};
		F357655425CCF67400D0A6AA /* Fructus */ = {
			isa = PBXGroup;
			children = (
				F357657725CDD32A00D0A6AA /* Data */,
				F357657325CDD28800D0A6AA /* Model */,
				F357656825CCF9C600D0A6AA /* View */,
				F357656625CCF9AF00D0A6AA /* App */,
				F357655925CCF67500D0A6AA /* Assets.xcassets */,
				F357655E25CCF67500D0A6AA /* Info.plist */,
				F357655B25CCF67500D0A6AA /* Preview Content */,
			);
			path = Fructus;
			sourceTree = "<group>";
		};
		F357655B25CCF67500D0A6AA /* Preview Content */ = {
			isa = PBXGroup;
			children = (
				F357655C25CCF67500D0A6AA /* Preview Assets.xcassets */,
			);
			path = "Preview Content";
			sourceTree = "<group>";
		};
		F357656625CCF9AF00D0A6AA /* App */ = {
			isa = PBXGroup;
			children = (
				F357655525CCF67400D0A6AA /* FructusApp.swift */,
				F357656F25CD015200D0A6AA /* OnboardingView.swift */,
				F357657C25CE273D00D0A6AA /* ContentView.swift */,
				F332BA7825CF19CA00C9CB9C /* FruitDetailView.swift */,
				F332BA8525CF3E1800C9CB9C /* SettingsView.swift */,
			);
			path = App;
			sourceTree = "<group>";
		};
		F357656825CCF9C600D0A6AA /* View */ = {
			isa = PBXGroup;
			children = (
				F357656925CCF9DC00D0A6AA /* FruitCardView.swift */,
				F357656C25CCFDC900D0A6AA /* StartButtonView.swift */,
				F357657F25CE283E00D0A6AA /* FruitRowView.swift */,
				F332BA7C25CF1D6900C9CB9C /* FruitHeaderView.swift */,
				F332BA7F25CF1F3B00C9CB9C /* SourceLinkView.swift */,
				F332BA8225CF214D00C9CB9C /* FruitNutrientsView.swift */,
				F332BA8825CF42C500C9CB9C /* SettingsLabelView.swift */,
				F34888E225CF46D1006F1EBF /* SettingsRowView.swift */,
			);
			path = View;
			sourceTree = "<group>";
		};
		F357657325CDD28800D0A6AA /* Model */ = {
			isa = PBXGroup;
			children = (
				F357657425CDD29500D0A6AA /* FruitModel.swift */,
			);
			path = Model;
			sourceTree = "<group>";
		};
		F357657725CDD32A00D0A6AA /* Data */ = {
			isa = PBXGroup;
			children = (
				F357657825CDD33200D0A6AA /* FruitData.swift */,
			);
			path = Data;
			sourceTree = "<group>";
		};
/* End PBXGroup section */

/* Begin PBXNativeTarget section */
		F357655125CCF67400D0A6AA /* Fructus */ = {
			isa = PBXNativeTarget;
			buildConfigurationList = F357656125CCF67500D0A6AA /* Build configuration list for PBXNativeTarget "Fructus" */;
			buildPhases = (
				F357654E25CCF67400D0A6AA /* Sources */,
				F357654F25CCF67400D0A6AA /* Frameworks */,
				F357655025CCF67400D0A6AA /* Resources */,
			);
			buildRules = (
			);
			dependencies = (
			);
			name = Fructus;
			productName = Fructus;
			productReference = F357655225CCF67400D0A6AA /* Fructus.app */;
			productType = "com.apple.product-type.application";
		};
/* End PBXNativeTarget section */

/* Begin PBXProject section */
		F357654A25CCF67400D0A6AA /* Project object */ = {
			isa = PBXProject;
			attributes = {
				LastSwiftUpdateCheck = 1210;
				LastUpgradeCheck = 1210;
				TargetAttributes = {
					F357655125CCF67400D0A6AA = {
						CreatedOnToolsVersion = 12.1;
					};
				};
			};
			buildConfigurationList = F357654D25CCF67400D0A6AA /* Build configuration list for PBXProject "Fructus" */;
			compatibilityVersion = "Xcode 9.3";
			developmentRegion = en;
			hasScannedForEncodings = 0;
			knownRegions = (
				en,
				Base,
			);
			mainGroup = F357654925CCF67400D0A6AA;
			productRefGroup = F357655325CCF67400D0A6AA /* Products */;
			projectDirPath = "";
			projectRoot = "";
			targets = (
				F357655125CCF67400D0A6AA /* Fructus */,
			);
		};
/* End PBXProject section */

/* Begin PBXResourcesBuildPhase section */
		F357655025CCF67400D0A6AA /* Resources */ = {
			isa = PBXResourcesBuildPhase;
			buildActionMask = 2147483647;
			files = (
				F357655D25CCF67500D0A6AA /* Preview Assets.xcassets in Resources */,
				F357655A25CCF67500D0A6AA /* Assets.xcassets in Resources */,
			);
			runOnlyForDeploymentPostprocessing = 0;
		};
/* End PBXResourcesBuildPhase section */

/* Begin PBXSourcesBuildPhase section */
		F357654E25CCF67400D0A6AA /* Sources */ = {
			isa = PBXSourcesBuildPhase;
			buildActionMask = 2147483647;
			files = (
				F357656A25CCF9DC00D0A6AA /* FruitCardView.swift in Sources */,
				F332BA8025CF1F3B00C9CB9C /* SourceLinkView.swift in Sources */,
				F34888E325CF46D1006F1EBF /* SettingsRowView.swift in Sources */,
				F357656D25CCFDC900D0A6AA /* StartButtonView.swift in Sources */,
				F357658025CE283E00D0A6AA /* FruitRowView.swift in Sources */,
				F332BA8325CF214D00C9CB9C /* FruitNutrientsView.swift in Sources */,
				F357657D25CE273D00D0A6AA /* ContentView.swift in Sources */,
				F332BA7925CF19CA00C9CB9C /* FruitDetailView.swift in Sources */,
				F357657925CDD33200D0A6AA /* FruitData.swift in Sources */,
				F332BA7D25CF1D6900C9CB9C /* FruitHeaderView.swift in Sources */,
				F357657525CDD29500D0A6AA /* FruitModel.swift in Sources */,
				F332BA8925CF42C500C9CB9C /* SettingsLabelView.swift in Sources */,
				F357657025CD015200D0A6AA /* OnboardingView.swift in Sources */,
				F357655625CCF67400D0A6AA /* FructusApp.swift in Sources */,
				F332BA8625CF3E1800C9CB9C /* SettingsView.swift in Sources */,
			);
			runOnlyForDeploymentPostprocessing = 0;
		};
/* End PBXSourcesBuildPhase section */

/* Begin XCBuildConfiguration section */
		F357655F25CCF67500D0A6AA /* Debug */ = {
			isa = XCBuildConfiguration;
			buildSettings = {
				ALWAYS_SEARCH_USER_PATHS = NO;
				CLANG_ANALYZER_NONNULL = YES;
				CLANG_ANALYZER_NUMBER_OBJECT_CONVERSION = YES_AGGRESSIVE;
				CLANG_CXX_LANGUAGE_STANDARD = "gnu++14";
				CLANG_CXX_LIBRARY = "libc++";
				CLANG_ENABLE_MODULES = YES;
				CLANG_ENABLE_OBJC_ARC = YES;
				CLANG_ENABLE_OBJC_WEAK = YES;
				CLANG_WARN_BLOCK_CAPTURE_AUTORELEASING = YES;
				CLANG_WARN_BOOL_CONVERSION = YES;
				CLANG_WARN_COMMA = YES;
				CLANG_WARN_CONSTANT_CONVERSION = YES;
				CLANG_WARN_DEPRECATED_OBJC_IMPLEMENTATIONS = YES;
				CLANG_WARN_DIRECT_OBJC_ISA_USAGE = YES_ERROR;
				CLANG_WARN_DOCUMENTATION_COMMENTS = YES;
				CLANG_WARN_EMPTY_BODY = YES;
				CLANG_WARN_ENUM_CONVERSION = YES;
				CLANG_WARN_INFINITE_RECURSION = YES;
				CLANG_WARN_INT_CONVERSION = YES;
				CLANG_WARN_NON_LITERAL_NULL_CONVERSION = YES;
				CLANG_WARN_OBJC_IMPLICIT_RETAIN_SELF = YES;
				CLANG_WARN_OBJC_LITERAL_CONVERSION = YES;
				CLANG_WARN_OBJC_ROOT_CLASS = YES_ERROR;
				CLANG_WARN_QUOTED_INCLUDE_IN_FRAMEWORK_HEADER = YES;
				CLANG_WARN_RANGE_LOOP_ANALYSIS = YES;
				CLANG_WARN_STRICT_PROTOTYPES = YES;
				CLANG_WARN_SUSPICIOUS_MOVE = YES;
				CLANG_WARN_UNGUARDED_AVAILABILITY = YES_AGGRESSIVE;
				CLANG_WARN_UNREACHABLE_CODE = YES;
				CLANG_WARN__DUPLICATE_METHOD_MATCH = YES;
				COPY_PHASE_STRIP = NO;
				DEBUG_INFORMATION_FORMAT = dwarf;
				ENABLE_STRICT_OBJC_MSGSEND = YES;
				ENABLE_TESTABILITY = YES;
				GCC_C_LANGUAGE_STANDARD = gnu11;
				GCC_DYNAMIC_NO_PIC = NO;
				GCC_NO_COMMON_BLOCKS = YES;
				GCC_OPTIMIZATION_LEVEL = 0;
				GCC_PREPROCESSOR_DEFINITIONS = (
					"DEBUG=1",
					"$(inherited)",
				);
				GCC_WARN_64_TO_32_BIT_CONVERSION = YES;
				GCC_WARN_ABOUT_RETURN_TYPE = YES_ERROR;
				GCC_WARN_UNDECLARED_SELECTOR = YES;
				GCC_WARN_UNINITIALIZED_AUTOS = YES_AGGRESSIVE;
				GCC_WARN_UNUSED_FUNCTION = YES;
				GCC_WARN_UNUSED_VARIABLE = YES;
				IPHONEOS_DEPLOYMENT_TARGET = 14.1;
				MTL_ENABLE_DEBUG_INFO = INCLUDE_SOURCE;
				MTL_FAST_MATH = YES;
				ONLY_ACTIVE_ARCH = YES;
				SDKROOT = iphoneos;
				SWIFT_ACTIVE_COMPILATION_CONDITIONS = DEBUG;
				SWIFT_OPTIMIZATION_LEVEL = "-Onone";
			};
			name = Debug;
		};
		F357656025CCF67500D0A6AA /* Release */ = {
			isa = XCBuildConfiguration;
			buildSettings = {
				ALWAYS_SEARCH_USER_PATHS = NO;
				CLANG_ANALYZER_NONNULL = YES;
				CLANG_ANALYZER_NUMBER_OBJECT_CONVERSION = YES_AGGRESSIVE;
				CLANG_CXX_LANGUAGE_STANDARD = "gnu++14";
				CLANG_CXX_LIBRARY = "libc++";
				CLANG_ENABLE_MODULES = YES;
				CLANG_ENABLE_OBJC_ARC = YES;
				CLANG_ENABLE_OBJC_WEAK = YES;
				CLANG_WARN_BLOCK_CAPTURE_AUTORELEASING = YES;
				CLANG_WARN_BOOL_CONVERSION = YES;
				CLANG_WARN_COMMA = YES;
				CLANG_WARN_CONSTANT_CONVERSION = YES;
				CLANG_WARN_DEPRECATED_OBJC_IMPLEMENTATIONS = YES;
				CLANG_WARN_DIRECT_OBJC_ISA_USAGE = YES_ERROR;
				CLANG_WARN_DOCUMENTATION_COMMENTS = YES;
				CLANG_WARN_EMPTY_BODY = YES;
				CLANG_WARN_ENUM_CONVERSION = YES;
				CLANG_WARN_INFINITE_RECURSION = YES;
				CLANG_WARN_INT_CONVERSION = YES;
				CLANG_WARN_NON_LITERAL_NULL_CONVERSION = YES;
				CLANG_WARN_OBJC_IMPLICIT_RETAIN_SELF = YES;
				CLANG_WARN_OBJC_LITERAL_CONVERSION = YES;
				CLANG_WARN_OBJC_ROOT_CLASS = YES_ERROR;
				CLANG_WARN_QUOTED_INCLUDE_IN_FRAMEWORK_HEADER = YES;
				CLANG_WARN_RANGE_LOOP_ANALYSIS = YES;
				CLANG_WARN_STRICT_PROTOTYPES = YES;
				CLANG_WARN_SUSPICIOUS_MOVE = YES;
				CLANG_WARN_UNGUARDED_AVAILABILITY = YES_AGGRESSIVE;
				CLANG_WARN_UNREACHABLE_CODE = YES;
				CLANG_WARN__DUPLICATE_METHOD_MATCH = YES;
				COPY_PHASE_STRIP = NO;
				DEBUG_INFORMATION_FORMAT = "dwarf-with-dsym";
				ENABLE_NS_ASSERTIONS = NO;
				ENABLE_STRICT_OBJC_MSGSEND = YES;
				GCC_C_LANGUAGE_STANDARD = gnu11;
				GCC_NO_COMMON_BLOCKS = YES;
				GCC_WARN_64_TO_32_BIT_CONVERSION = YES;
				GCC_WARN_ABOUT_RETURN_TYPE = YES_ERROR;
				GCC_WARN_UNDECLARED_SELECTOR = YES;
				GCC_WARN_UNINITIALIZED_AUTOS = YES_AGGRESSIVE;
				GCC_WARN_UNUSED_FUNCTION = YES;
				GCC_WARN_UNUSED_VARIABLE = YES;
				IPHONEOS_DEPLOYMENT_TARGET = 14.1;
				MTL_ENABLE_DEBUG_INFO = NO;
				MTL_FAST_MATH = YES;
				SDKROOT = iphoneos;
				SWIFT_COMPILATION_MODE = wholemodule;
				SWIFT_OPTIMIZATION_LEVEL = "-O";
				VALIDATE_PRODUCT = YES;
			};
			name = Release;
		};
		F357656225CCF67500D0A6AA /* Debug */ = {
			isa = XCBuildConfiguration;
			buildSettings = {
				ASSETCATALOG_COMPILER_APPICON_NAME = AppIcon;
				ASSETCATALOG_COMPILER_GLOBAL_ACCENT_COLOR_NAME = AccentColor;
				CODE_SIGN_IDENTITY = "Apple Development";
				CODE_SIGN_STYLE = Automatic;
				DEVELOPMENT_ASSET_PATHS = "\"Fructus/Preview Content\"";
				DEVELOPMENT_TEAM = 94FR9W3F37;
				ENABLE_PREVIEWS = YES;
				INFOPLIST_FILE = Fructus/Info.plist;
				IPHONEOS_DEPLOYMENT_TARGET = 14.0;
				LD_RUNPATH_SEARCH_PATHS = (
					"$(inherited)",
					"@executable_path/Frameworks",
				);
				PRODUCT_BUNDLE_IDENTIFIER = com.alexmaguey.Fructus;
				PRODUCT_NAME = "$(TARGET_NAME)";
				PROVISIONING_PROFILE_SPECIFIER = "";
				SWIFT_VERSION = 5.0;
				TARGETED_DEVICE_FAMILY = "1,2";
			};
			name = Debug;
		};
		F357656325CCF67500D0A6AA /* Release */ = {
			isa = XCBuildConfiguration;
			buildSettings = {
				ASSETCATALOG_COMPILER_APPICON_NAME = AppIcon;
				ASSETCATALOG_COMPILER_GLOBAL_ACCENT_COLOR_NAME = AccentColor;
				CODE_SIGN_IDENTITY = "Apple Development";
				CODE_SIGN_STYLE = Automatic;
				DEVELOPMENT_ASSET_PATHS = "\"Fructus/Preview Content\"";
				DEVELOPMENT_TEAM = 94FR9W3F37;
				ENABLE_PREVIEWS = YES;
				INFOPLIST_FILE = Fructus/Info.plist;
				IPHONEOS_DEPLOYMENT_TARGET = 14.0;
				LD_RUNPATH_SEARCH_PATHS = (
					"$(inherited)",
					"@executable_path/Frameworks",
				);
				PRODUCT_BUNDLE_IDENTIFIER = com.alexmaguey.Fructus;
				PRODUCT_NAME = "$(TARGET_NAME)";
				PROVISIONING_PROFILE_SPECIFIER = "";
				SWIFT_VERSION = 5.0;
				TARGETED_DEVICE_FAMILY = "1,2";
			};
			name = Release;
		};
/* End XCBuildConfiguration section */

/* Begin XCConfigurationList section */
		F357654D25CCF67400D0A6AA /* Build configuration list for PBXProject "Fructus" */ = {
			isa = XCConfigurationList;
			buildConfigurations = (
				F357655F25CCF67500D0A6AA /* Debug */,
				F357656025CCF67500D0A6AA /* Release */,
			);
			defaultConfigurationIsVisible = 0;
			defaultConfigurationName = Release;
		};
		F357656125CCF67500D0A6AA /* Build configuration list for PBXNativeTarget "Fructus" */ = {
			isa = XCConfigurationList;
			buildConfigurations = (
				F357656225CCF67500D0A6AA /* Debug */,
				F357656325CCF67500D0A6AA /* Release */,
			);
			defaultConfigurationIsVisible = 0;
			defaultConfigurationName = Release;
		};
/* End XCConfigurationList section */
	};
	rootObject = F357654A25CCF67400D0A6AA /* Project object */;
}
